Microsoft Visual Studio Solution File, Format Version 12.00
# Visual Studio Version 16
VisualStudioVersion = 16.0.29613.14
MinimumVisualStudioVersion = 10.0.40219.1
Project("{2150E333-8FDC-42A3-9474-1A3956D46DE8}") = "Solution Items", "Solution Items", "{BCD0BEBC-540A-4EFF-87A0-44EC132FDEBE}"
	ProjectSection(SolutionItems) = preProject
		README.md = README.md
	EndProjectSection
EndProject
Project("{9A19103F-16F7-4668-BE54-9A1E7A4F7556}") = "Nikesh.Publisher.Services", "Nikesh.Publisher.Services\Nikesh.Publisher.Services.csproj", "{967A0AB8-21C8-45CD-A212-1ACB8A6CBFBB}"
EndProject
Project("{9A19103F-16F7-4668-BE54-9A1E7A4F7556}") = "Nikesh.Publisher.ViewModels", "Nikesh.Publisher.ViewModels\Nikesh.Publisher.ViewModels.csproj", "{D80E78E5-0014-42B4-BC2A-A22F5595D0C5}"
EndProject
Project("{9A19103F-16F7-4668-BE54-9A1E7A4F7556}") = "Nikesh.Publisher.Web", "Nikesh.Publisher.Web\Nikesh.Publisher.Web.csproj", "{9806A79E-2525-4DCD-A819-371537F20924}"
EndProject
Global
	GlobalSection(SolutionConfigurationPlatforms) = preSolution
		Debug|Any CPU = Debug|Any CPU
		Release|Any CPU = Release|Any CPU
	EndGlobalSection
	GlobalSection(ProjectConfigurationPlatforms) = postSolution
		{967A0AB8-21C8-45CD-A212-1ACB8A6CBFBB}.Debug|Any CPU.ActiveCfg = Debug|Any CPU
		{967A0AB8-21C8-45CD-A212-1ACB8A6CBFBB}.Debug|Any CPU.Build.0 = Debug|Any CPU
		{967A0AB8-21C8-45CD-A212-1ACB8A6CBFBB}.Release|Any CPU.ActiveCfg = Release|Any CPU
		{967A0AB8-21C8-45CD-A212-1ACB8A6CBFBB}.Release|Any CPU.Build.0 = Release|Any CPU
		{D80E78E5-0014-42B4-BC2A-A22F5595D0C5}.Debug|Any CPU.ActiveCfg = Debug|Any CPU
		{D80E78E5-0014-42B4-BC2A-A22F5595D0C5}.Debug|Any CPU.Build.0 = Debug|Any CPU
		{D80E78E5-0014-42B4-BC2A-A22F5595D0C5}.Release|Any CPU.ActiveCfg = Release|Any CPU
		{D80E78E5-0014-42B4-BC2A-A22F5595D0C5}.Release|Any CPU.Build.0 = Release|Any CPU
		{9806A79E-2525-4DCD-A819-371537F20924}.Debug|Any CPU.ActiveCfg = Debug|Any CPU
		{9806A79E-2525-4DCD-A819-371537F20924}.Debug|Any CPU.Build.0 = Debug|Any CPU
		{9806A79E-2525-4DCD-A819-371537F20924}.Release|Any CPU.ActiveCfg = Release|Any CPU
		{9806A79E-2525-4DCD-A819-371537F20924}.Release|Any CPU.Build.0 = Release|Any CPU
	EndGlobalSection
	GlobalSection(SolutionProperties) = preSolution
		HideSolutionNode = FALSE
	EndGlobalSection
	GlobalSection(ExtensibilityGlobals) = postSolution
		SolutionGuid = {77DE252A-B2BA-4E0C-8C54-CAD98758650E}
	EndGlobalSection
EndGlobal
